
Microsoft Visual Studio Solution File, Format Version 12.00
# Visual Studio 15
VisualStudioVersion = 15.0.28307.1321
MinimumVisualStudioVersion = 10.0.40219.1
Project("{2150E333-8FDC-42A3-9474-1A3956D46DE8}") = "1 - Servicos", "1 - Servicos", "{66DD0237-5902-4398-991E-C9765FD44D8D}"
EndProject
Project("{9A19103F-16F7-4668-BE54-9A1E7A4F7556}") = "GerenciadorJogos.WebApi", "GerenciadorJogos.WebApi\GerenciadorJogos.WebApi.csproj", "{564AF704-FD02-480C-8527-ED31827BE3F3}"
EndProject
Project("{2150E333-8FDC-42A3-9474-1A3956D46DE8}") = "2 - Generico", "2 - Generico", "{4710B5DA-DDAE-457A-A732-E6B3183EDC03}"
EndProject
Project("{9A19103F-16F7-4668-BE54-9A1E7A4F7556}") = "GerenciadorJogos.Generico", "GerenciadorJogos.Generico\GerenciadorJogos.Generico.csproj", "{5FC11A04-853D-40FC-BB41-9B450AE85D95}"
EndProject
Project("{2150E333-8FDC-42A3-9474-1A3956D46DE8}") = "3 - Dominio", "3 - Dominio", "{EC16CCA6-7225-4ED5-A5D0-7F6C68AF7E1B}"
EndProject
Project("{2150E333-8FDC-42A3-9474-1A3956D46DE8}") = "5 - Infra", "5 - Infra", "{06FF4B76-7260-4006-89E8-8A8ADA678439}"
EndProject
Project("{2150E333-8FDC-42A3-9474-1A3956D46DE8}") = "5.1 - Data", "5.1 - Data", "{D36B2B77-817B-4410-842F-645A255DFBB7}"
EndProject
Project("{9A19103F-16F7-4668-BE54-9A1E7A4F7556}") = "GerenciadorJogos.AcessoDados", "GerenciadorJogos.AcessoDados\GerenciadorJogos.AcessoDados.csproj", "{4058CDD4-1736-41E4-BDAD-651F6CC3D93F}"
EndProject
Project("{2150E333-8FDC-42A3-9474-1A3956D46DE8}") = "4 - Repositorio", "4 - Repositorio", "{E05BC9EA-2523-4E07-819B-E6F424C3ACD7}"
EndProject
Project("{9A19103F-16F7-4668-BE54-9A1E7A4F7556}") = "GerenciadorJogos.Dominio", "GerenciadorJogos.Dominio\GerenciadorJogos.Dominio.csproj", "{0312C136-8703-40A1-9EC0-D0F02DD96749}"
EndProject
Project("{9A19103F-16F7-4668-BE54-9A1E7A4F7556}") = "GerenciadorJogos.Repositorio", "GerenciadorJogos.Repositorio\GerenciadorJogos.Repositorio.csproj", "{A8B37D6B-3FDF-4C9C-B29E-668AB8B7260E}"
EndProject
Project("{2150E333-8FDC-42A3-9474-1A3956D46DE8}") = "0 - Apresentacao", "0 - Apresentacao", "{04BD2C30-EA64-4CE6-8CEA-BC18F2605AD2}"
EndProject
Project("{E53339B2-1760-4266-BCC7-CA923CBCF16C}") = "docker-compose", "docker-compose.dcproj", "{55112380-DE33-4447-A398-C90E6A47D452}"
EndProject
Global
	GlobalSection(SolutionConfigurationPlatforms) = preSolution
		Debug|Any CPU = Debug|Any CPU
		Release|Any CPU = Release|Any CPU
	EndGlobalSection
	GlobalSection(ProjectConfigurationPlatforms) = postSolution
		{564AF704-FD02-480C-8527-ED31827BE3F3}.Debug|Any CPU.ActiveCfg = Debug|Any CPU
		{564AF704-FD02-480C-8527-ED31827BE3F3}.Debug|Any CPU.Build.0 = Debug|Any CPU
		{564AF704-FD02-480C-8527-ED31827BE3F3}.Release|Any CPU.ActiveCfg = Release|Any CPU
		{564AF704-FD02-480C-8527-ED31827BE3F3}.Release|Any CPU.Build.0 = Release|Any CPU
		{5FC11A04-853D-40FC-BB41-9B450AE85D95}.Debug|Any CPU.ActiveCfg = Debug|Any CPU
		{5FC11A04-853D-40FC-BB41-9B450AE85D95}.Debug|Any CPU.Build.0 = Debug|Any CPU
		{5FC11A04-853D-40FC-BB41-9B450AE85D95}.Release|Any CPU.ActiveCfg = Release|Any CPU
		{5FC11A04-853D-40FC-BB41-9B450AE85D95}.Release|Any CPU.Build.0 = Release|Any CPU
		{4058CDD4-1736-41E4-BDAD-651F6CC3D93F}.Debug|Any CPU.ActiveCfg = Debug|Any CPU
		{4058CDD4-1736-41E4-BDAD-651F6CC3D93F}.Debug|Any CPU.Build.0 = Debug|Any CPU
		{4058CDD4-1736-41E4-BDAD-651F6CC3D93F}.Release|Any CPU.ActiveCfg = Release|Any CPU
		{4058CDD4-1736-41E4-BDAD-651F6CC3D93F}.Release|Any CPU.Build.0 = Release|Any CPU
		{0312C136-8703-40A1-9EC0-D0F02DD96749}.Debug|Any CPU.ActiveCfg = Debug|Any CPU
		{0312C136-8703-40A1-9EC0-D0F02DD96749}.Debug|Any CPU.Build.0 = Debug|Any CPU
		{0312C136-8703-40A1-9EC0-D0F02DD96749}.Release|Any CPU.ActiveCfg = Release|Any CPU
		{0312C136-8703-40A1-9EC0-D0F02DD96749}.Release|Any CPU.Build.0 = Release|Any CPU
		{A8B37D6B-3FDF-4C9C-B29E-668AB8B7260E}.Debug|Any CPU.ActiveCfg = Debug|Any CPU
		{A8B37D6B-3FDF-4C9C-B29E-668AB8B7260E}.Debug|Any CPU.Build.0 = Debug|Any CPU
		{A8B37D6B-3FDF-4C9C-B29E-668AB8B7260E}.Release|Any CPU.ActiveCfg = Release|Any CPU
		{A8B37D6B-3FDF-4C9C-B29E-668AB8B7260E}.Release|Any CPU.Build.0 = Release|Any CPU
		{55112380-DE33-4447-A398-C90E6A47D452}.Debug|Any CPU.ActiveCfg = Debug|Any CPU
		{55112380-DE33-4447-A398-C90E6A47D452}.Debug|Any CPU.Build.0 = Debug|Any CPU
		{55112380-DE33-4447-A398-C90E6A47D452}.Release|Any CPU.ActiveCfg = Release|Any CPU
		{55112380-DE33-4447-A398-C90E6A47D452}.Release|Any CPU.Build.0 = Release|Any CPU
	EndGlobalSection
	GlobalSection(SolutionProperties) = preSolution
		HideSolutionNode = FALSE
	EndGlobalSection
	GlobalSection(NestedProjects) = preSolution
		{564AF704-FD02-480C-8527-ED31827BE3F3} = {66DD0237-5902-4398-991E-C9765FD44D8D}
		{5FC11A04-853D-40FC-BB41-9B450AE85D95} = {4710B5DA-DDAE-457A-A732-E6B3183EDC03}
		{D36B2B77-817B-4410-842F-645A255DFBB7} = {06FF4B76-7260-4006-89E8-8A8ADA678439}
		{4058CDD4-1736-41E4-BDAD-651F6CC3D93F} = {D36B2B77-817B-4410-842F-645A255DFBB7}
		{0312C136-8703-40A1-9EC0-D0F02DD96749} = {EC16CCA6-7225-4ED5-A5D0-7F6C68AF7E1B}
		{A8B37D6B-3FDF-4C9C-B29E-668AB8B7260E} = {E05BC9EA-2523-4E07-819B-E6F424C3ACD7}
	EndGlobalSection
	GlobalSection(ExtensibilityGlobals) = postSolution
		SolutionGuid = {2870A76F-0A7E-4273-8715-56394EC6BAA7}
	EndGlobalSection
EndGlobal
